
Microsoft Visual Studio Solution File, Format Version 12.00
# Visual Studio Version 17
VisualStudioVersion = 17.9.34728.123
MinimumVisualStudioVersion = 10.0.40219.1
Project("{9A19103F-16F7-4668-BE54-9A1E7A4F7556}") = "HermanTheBroker_APIOld", "HermanTheBroker_API\HermanTheBroker_APIOld.csproj", "{CD69E609-56F6-4EBE-BF73-44085611FEB8}"
EndProject
Project("{FAE04EC0-301F-11D3-BF4B-00C04F79EFBC}") = "HermanTheBrokerAPI", "HermanTheBrokerAPI\HermanTheBrokerAPI.csproj", "{7A28D652-236E-4517-81FE-A9B1A9B6BA86}"
EndProject
Global
	GlobalSection(SolutionConfigurationPlatforms) = preSolution
		Debug|Any CPU = Debug|Any CPU
		Release|Any CPU = Release|Any CPU
	EndGlobalSection
	GlobalSection(ProjectConfigurationPlatforms) = postSolution
		{CD69E609-56F6-4EBE-BF73-44085611FEB8}.Debug|Any CPU.ActiveCfg = Debug|Any CPU
		{CD69E609-56F6-4EBE-BF73-44085611FEB8}.Debug|Any CPU.Build.0 = Debug|Any CPU
		{CD69E609-56F6-4EBE-BF73-44085611FEB8}.Release|Any CPU.ActiveCfg = Release|Any CPU
		{CD69E609-56F6-4EBE-BF73-44085611FEB8}.Release|Any CPU.Build.0 = Release|Any CPU
		{7A28D652-236E-4517-81FE-A9B1A9B6BA86}.Debug|Any CPU.ActiveCfg = Debug|Any CPU
		{7A28D652-236E-4517-81FE-A9B1A9B6BA86}.Debug|Any CPU.Build.0 = Debug|Any CPU
		{7A28D652-236E-4517-81FE-A9B1A9B6BA86}.Release|Any CPU.ActiveCfg = Release|Any CPU
		{7A28D652-236E-4517-81FE-A9B1A9B6BA86}.Release|Any CPU.Build.0 = Release|Any CPU
	EndGlobalSection
	GlobalSection(SolutionProperties) = preSolution
		HideSolutionNode = FALSE
	EndGlobalSection
	GlobalSection(ExtensibilityGlobals) = postSolution
		SolutionGuid = {9F96DEAF-7EF4-4B64-93B0-E96D3CACFD7B}
	EndGlobalSection
EndGlobal
